<?xml version="1.0" encoding="utf-8"?>

<Project ToolsVersion="4.0" xmlns="http://schemas.microsoft.com/developer/msbuild/2003">
  <ItemGroup>
    <Filter Include="OpenBVEEditor">
      <UniqueIdentifier>{83F4BDBE-9A3B-B502-125C-5D3433AE713A}</UniqueIdentifier>
    </Filter>
    <Filter Include="OpenBVEEditor\Source">
      <UniqueIdentifier>{F17BF6BA-16C2-C9D6-A46C-FBB8D71969C2}</UniqueIdentifier>
    </Filter>
    <Filter Include="Juce Library Code">
      <UniqueIdentifier>{F7048EA6-F4B2-F31B-E402-E05D678A1111}</UniqueIdentifier>
    </Filter>
  </ItemGroup>
  <ItemGroup>
    <ClCompile Include="..\..\Source\VariousTools.cpp">
      <Filter>OpenBVEEditor\Source</Filter>
    </ClCompile>
    <ClCompile Include="..\..\Source\CodeAssistant.cpp">
      <Filter>OpenBVEEditor\Source</Filter>
    </ClCompile>
    <ClCompile Include="..\..\Source\SearchComponents.cpp">
      <Filter>OpenBVEEditor\Source</Filter>
    </ClCompile>
    <ClCompile Include="..\..\Source\Preferences.cpp">
      <Filter>OpenBVEEditor\Source</Filter>
    </ClCompile>
    <ClCompile Include="..\..\Source\StoredSettings.cpp">
      <Filter>OpenBVEEditor\Source</Filter>
    </ClCompile>
    <ClCompile Include="..\..\Source\MainComponent.cpp">
      <Filter>OpenBVEEditor\Source</Filter>
    </ClCompile>
    <ClCompile Include="..\..\Source\CodeEditor.cpp">
      <Filter>OpenBVEEditor\Source</Filter>
    </ClCompile>
    <ClCompile Include="..\..\Source\BVECode.cpp">
      <Filter>OpenBVEEditor\Source</Filter>
    </ClCompile>
    <ClCompile Include="..\..\Source\MainWindow.cpp">
      <Filter>OpenBVEEditor\Source</Filter>
    </ClCompile>
    <ClCompile Include="..\..\Source\Main.cpp">
      <Filter>OpenBVEEditor\Source</Filter>
    </ClCompile>
    <ClCompile Include="..\..\JuceLibraryCode\JuceLibraryCode1.cpp">
      <Filter>Juce Library Code</Filter>
    </ClCompile>
    <ClCompile Include="..\..\JuceLibraryCode\JuceLibraryCode2.cpp">
      <Filter>Juce Library Code</Filter>
    </ClCompile>
    <ClCompile Include="..\..\JuceLibraryCode\JuceLibraryCode3.cpp">
      <Filter>Juce Library Code</Filter>
    </ClCompile>
    <ClCompile Include="..\..\JuceLibraryCode\JuceLibraryCode4.cpp">
      <Filter>Juce Library Code</Filter>
    </ClCompile>
  </ItemGroup>
  <ItemGroup>
    <ClInclude Include="..\..\Source\VariousTools.h">
      <Filter>OpenBVEEditor\Source</Filter>
    </ClInclude>
    <ClInclude Include="..\..\Source\SearchComponents.h">
      <Filter>OpenBVEEditor\Source</Filter>
    </ClInclude>
    <ClInclude Include="..\..\Source\Preferences.h">
      <Filter>OpenBVEEditor\Source</Filter>
    </ClInclude>
    <ClInclude Include="..\..\Source\StoredSettings.h">
      <Filter>OpenBVEEditor\Source</Filter>
    </ClInclude>
    <ClInclude Include="..\..\Source\MainComponent.h">
      <Filter>OpenBVEEditor\Source</Filter>
    </ClInclude>
    <ClInclude Include="..\..\Source\CommonHeader.h">
      <Filter>OpenBVEEditor\Source</Filter>
    </ClInclude>
    <ClInclude Include="..\..\Source\CommandIDs.h">
      <Filter>OpenBVEEditor\Source</Filter>
    </ClInclude>
    <ClInclude Include="..\..\Source\CodeEditor.h">
      <Filter>OpenBVEEditor\Source</Filter>
    </ClInclude>
    <ClInclude Include="..\..\Source\CodeAssistant.h">
      <Filter>OpenBVEEditor\Source</Filter>
    </ClInclude>
    <ClInclude Include="..\..\Source\BVECode.h">
      <Filter>OpenBVEEditor\Source</Filter>
    </ClInclude>
    <ClInclude Include="..\..\Source\MainWindow.h">
      <Filter>OpenBVEEditor\Source</Filter>
    </ClInclude>
    <ClInclude Include="..\..\JuceLibraryCode\AppConfig.h">
      <Filter>Juce Library Code</Filter>
    </ClInclude>
    <ClInclude Include="..\..\JuceLibraryCode\JuceHeader.h">
      <Filter>Juce Library Code</Filter>
    </ClInclude>
  </ItemGroup>
</Project>
